
Microsoft Visual Studio Solution File, Format Version 12.00
# Visual Studio Version 17
VisualStudioVersion = 17.0.31903.59
MinimumVisualStudioVersion = 10.0.40219.1
Project("{2150E333-8FDC-42A3-9474-1A3956D46DE8}") = "Core", "Core", "{FBF56CC3-7AE6-AD2D-3F14-7F97FD322CD6}"
EndProject
Project("{FAE04EC0-301F-11D3-BF4B-00C04F79EFBC}") = "CodeExplorer.Core", "Core\CodeExplorer.Core\CodeExplorer.Core.csproj", "{725014F9-FD41-4F9D-AF22-793BDA3587A8}"
EndProject
Project("{2150E333-8FDC-42A3-9474-1A3956D46DE8}") = "Parsers", "Parsers", "{FD4CDEAD-D464-86EA-B1FA-F6A76E919E3A}"
EndProject
Project("{FAE04EC0-301F-11D3-BF4B-00C04F79EFBC}") = "CodeExplorer.Parser.CSharp", "Parsers\CodeExplorer.Parser.CSharp\CodeExplorer.Parser.CSharp.csproj", "{4F58D8D1-D07C-460A-A0BD-516F92E95980}"
EndProject
Project("{FAE04EC0-301F-11D3-BF4B-00C04F79EFBC}") = "CodeExplorer.Parser.Go", "Parsers\CodeExplorer.Parser.Go\CodeExplorer.Parser.Go.csproj", "{FEDC2DD9-AFD2-4A91-AC4F-542A05F2C14C}"
EndProject
Project("{FAE04EC0-301F-11D3-BF4B-00C04F79EFBC}") = "CodeExplorer.Parser.Python", "Parsers\CodeExplorer.Parser.Python\CodeExplorer.Parser.Python.csproj", "{79A04F8E-F8B1-4E36-B2A9-DF686C66FAE5}"
EndProject
Project("{FAE04EC0-301F-11D3-BF4B-00C04F79EFBC}") = "CodeExplorer.Parser.TypeScript", "Parsers\CodeExplorer.Parser.TypeScript\CodeExplorer.Parser.TypeScript.csproj", "{4EFA731F-CD0D-4BF9-9A77-FE308D57EF2D}"
EndProject
Project("{2150E333-8FDC-42A3-9474-1A3956D46DE8}") = "UI", "UI", "{FA674B5A-3394-926C-2B1E-70E5B00E4A5C}"
EndProject
Project("{FAE04EC0-301F-11D3-BF4B-00C04F79EFBC}") = "CodeExplorer", "UI\CodeExplorer\CodeExplorer.csproj", "{FC675BBF-A9C1-413C-867B-2F239FDB8EC7}"
EndProject
Project("{FAE04EC0-301F-11D3-BF4B-00C04F79EFBC}") = "CodeExplorer.Parser.SQL", "Parsers\CodeExplorer.Parser.SQL\CodeExplorer.Parser.SQL.csproj", "{C145702E-1504-4565-B435-568674E315CD}"
EndProject
Project("{2150E333-8FDC-42A3-9474-1A3956D46DE8}") = "Tests", "Tests", "{0AB3BF05-4346-4AA6-1389-037BE0695223}"
EndProject
Project("{FAE04EC0-301F-11D3-BF4B-00C04F79EFBC}") = "CodeExplorer.Tests", "Tests\CodeExplorer.Tests\CodeExplorer.Tests.csproj", "{E72EB557-4063-4D60-97BD-72B82E39692F}"
EndProject
Global
	GlobalSection(SolutionConfigurationPlatforms) = preSolution
		Debug|Any CPU = Debug|Any CPU
		Debug|x64 = Debug|x64
		Debug|x86 = Debug|x86
		Release|Any CPU = Release|Any CPU
		Release|x64 = Release|x64
		Release|x86 = Release|x86
	EndGlobalSection
	GlobalSection(ProjectConfigurationPlatforms) = postSolution
		{725014F9-FD41-4F9D-AF22-793BDA3587A8}.Debug|Any CPU.ActiveCfg = Debug|Any CPU
		{725014F9-FD41-4F9D-AF22-793BDA3587A8}.Debug|Any CPU.Build.0 = Debug|Any CPU
		{725014F9-FD41-4F9D-AF22-793BDA3587A8}.Debug|x64.ActiveCfg = Debug|Any CPU
		{725014F9-FD41-4F9D-AF22-793BDA3587A8}.Debug|x64.Build.0 = Debug|Any CPU
		{725014F9-FD41-4F9D-AF22-793BDA3587A8}.Debug|x86.ActiveCfg = Debug|Any CPU
		{725014F9-FD41-4F9D-AF22-793BDA3587A8}.Debug|x86.Build.0 = Debug|Any CPU
		{725014F9-FD41-4F9D-AF22-793BDA3587A8}.Release|Any CPU.ActiveCfg = Release|Any CPU
		{725014F9-FD41-4F9D-AF22-793BDA3587A8}.Release|Any CPU.Build.0 = Release|Any CPU
		{725014F9-FD41-4F9D-AF22-793BDA3587A8}.Release|x64.ActiveCfg = Release|Any CPU
		{725014F9-FD41-4F9D-AF22-793BDA3587A8}.Release|x64.Build.0 = Release|Any CPU
		{725014F9-FD41-4F9D-AF22-793BDA3587A8}.Release|x86.ActiveCfg = Release|Any CPU
		{725014F9-FD41-4F9D-AF22-793BDA3587A8}.Release|x86.Build.0 = Release|Any CPU
		{4F58D8D1-D07C-460A-A0BD-516F92E95980}.Debug|Any CPU.ActiveCfg = Debug|Any CPU
		{4F58D8D1-D07C-460A-A0BD-516F92E95980}.Debug|Any CPU.Build.0 = Debug|Any CPU
		{4F58D8D1-D07C-460A-A0BD-516F92E95980}.Debug|x64.ActiveCfg = Debug|Any CPU
		{4F58D8D1-D07C-460A-A0BD-516F92E95980}.Debug|x64.Build.0 = Debug|Any CPU
		{4F58D8D1-D07C-460A-A0BD-516F92E95980}.Debug|x86.ActiveCfg = Debug|Any CPU
		{4F58D8D1-D07C-460A-A0BD-516F92E95980}.Debug|x86.Build.0 = Debug|Any CPU
		{4F58D8D1-D07C-460A-A0BD-516F92E95980}.Release|Any CPU.ActiveCfg = Release|Any CPU
		{4F58D8D1-D07C-460A-A0BD-516F92E95980}.Release|Any CPU.Build.0 = Release|Any CPU
		{4F58D8D1-D07C-460A-A0BD-516F92E95980}.Release|x64.ActiveCfg = Release|Any CPU
		{4F58D8D1-D07C-460A-A0BD-516F92E95980}.Release|x64.Build.0 = Release|Any CPU
		{4F58D8D1-D07C-460A-A0BD-516F92E95980}.Release|x86.ActiveCfg = Release|Any CPU
		{4F58D8D1-D07C-460A-A0BD-516F92E95980}.Release|x86.Build.0 = Release|Any CPU
		{FEDC2DD9-AFD2-4A91-AC4F-542A05F2C14C}.Debug|Any CPU.ActiveCfg = Debug|Any CPU
		{FEDC2DD9-AFD2-4A91-AC4F-542A05F2C14C}.Debug|Any CPU.Build.0 = Debug|Any CPU
		{FEDC2DD9-AFD2-4A91-AC4F-542A05F2C14C}.Debug|x64.ActiveCfg = Debug|Any CPU
		{FEDC2DD9-AFD2-4A91-AC4F-542A05F2C14C}.Debug|x64.Build.0 = Debug|Any CPU
		{FEDC2DD9-AFD2-4A91-AC4F-542A05F2C14C}.Debug|x86.ActiveCfg = Debug|Any CPU
		{FEDC2DD9-AFD2-4A91-AC4F-542A05F2C14C}.Debug|x86.Build.0 = Debug|Any CPU
		{FEDC2DD9-AFD2-4A91-AC4F-542A05F2C14C}.Release|Any CPU.ActiveCfg = Release|Any CPU
		{FEDC2DD9-AFD2-4A91-AC4F-542A05F2C14C}.Release|Any CPU.Build.0 = Release|Any CPU
		{FEDC2DD9-AFD2-4A91-AC4F-542A05F2C14C}.Release|x64.ActiveCfg = Release|Any CPU
		{FEDC2DD9-AFD2-4A91-AC4F-542A05F2C14C}.Release|x64.Build.0 = Release|Any CPU
		{FEDC2DD9-AFD2-4A91-AC4F-542A05F2C14C}.Release|x86.ActiveCfg = Release|Any CPU
		{FEDC2DD9-AFD2-4A91-AC4F-542A05F2C14C}.Release|x86.Build.0 = Release|Any CPU
		{79A04F8E-F8B1-4E36-B2A9-DF686C66FAE5}.Debug|Any CPU.ActiveCfg = Debug|Any CPU
		{79A04F8E-F8B1-4E36-B2A9-DF686C66FAE5}.Debug|Any CPU.Build.0 = Debug|Any CPU
		{79A04F8E-F8B1-4E36-B2A9-DF686C66FAE5}.Debug|x64.ActiveCfg = Debug|Any CPU
		{79A04F8E-F8B1-4E36-B2A9-DF686C66FAE5}.Debug|x64.Build.0 = Debug|Any CPU
		{79A04F8E-F8B1-4E36-B2A9-DF686C66FAE5}.Debug|x86.ActiveCfg = Debug|Any CPU
		{79A04F8E-F8B1-4E36-B2A9-DF686C66FAE5}.Debug|x86.Build.0 = Debug|Any CPU
		{79A04F8E-F8B1-4E36-B2A9-DF686C66FAE5}.Release|Any CPU.ActiveCfg = Release|Any CPU
		{79A04F8E-F8B1-4E36-B2A9-DF686C66FAE5}.Release|Any CPU.Build.0 = Release|Any CPU
		{79A04F8E-F8B1-4E36-B2A9-DF686C66FAE5}.Release|x64.ActiveCfg = Release|Any CPU
		{79A04F8E-F8B1-4E36-B2A9-DF686C66FAE5}.Release|x64.Build.0 = Release|Any CPU
		{79A04F8E-F8B1-4E36-B2A9-DF686C66FAE5}.Release|x86.ActiveCfg = Release|Any CPU
		{79A04F8E-F8B1-4E36-B2A9-DF686C66FAE5}.Release|x86.Build.0 = Release|Any CPU
		{4EFA731F-CD0D-4BF9-9A77-FE308D57EF2D}.Debug|Any CPU.ActiveCfg = Debug|Any CPU
		{4EFA731F-CD0D-4BF9-9A77-FE308D57EF2D}.Debug|Any CPU.Build.0 = Debug|Any CPU
		{4EFA731F-CD0D-4BF9-9A77-FE308D57EF2D}.Debug|x64.ActiveCfg = Debug|Any CPU
		{4EFA731F-CD0D-4BF9-9A77-FE308D57EF2D}.Debug|x64.Build.0 = Debug|Any CPU
		{4EFA731F-CD0D-4BF9-9A77-FE308D57EF2D}.Debug|x86.ActiveCfg = Debug|Any CPU
		{4EFA731F-CD0D-4BF9-9A77-FE308D57EF2D}.Debug|x86.Build.0 = Debug|Any CPU
		{4EFA731F-CD0D-4BF9-9A77-FE308D57EF2D}.Release|Any CPU.ActiveCfg = Release|Any CPU
		{4EFA731F-CD0D-4BF9-9A77-FE308D57EF2D}.Release|Any CPU.Build.0 = Release|Any CPU
		{4EFA731F-CD0D-4BF9-9A77-FE308D57EF2D}.Release|x64.ActiveCfg = Release|Any CPU
		{4EFA731F-CD0D-4BF9-9A77-FE308D57EF2D}.Release|x64.Build.0 = Release|Any CPU
		{4EFA731F-CD0D-4BF9-9A77-FE308D57EF2D}.Release|x86.ActiveCfg = Release|Any CPU
		{4EFA731F-CD0D-4BF9-9A77-FE308D57EF2D}.Release|x86.Build.0 = Release|Any CPU
		{FC675BBF-A9C1-413C-867B-2F239FDB8EC7}.Debug|Any CPU.ActiveCfg = Debug|Any CPU
		{FC675BBF-A9C1-413C-867B-2F239FDB8EC7}.Debug|Any CPU.Build.0 = Debug|Any CPU
		{FC675BBF-A9C1-413C-867B-2F239FDB8EC7}.Debug|x64.ActiveCfg = Debug|Any CPU
		{FC675BBF-A9C1-413C-867B-2F239FDB8EC7}.Debug|x64.Build.0 = Debug|Any CPU
		{FC675BBF-A9C1-413C-867B-2F239FDB8EC7}.Debug|x86.ActiveCfg = Debug|Any CPU
		{FC675BBF-A9C1-413C-867B-2F239FDB8EC7}.Debug|x86.Build.0 = Debug|Any CPU
		{FC675BBF-A9C1-413C-867B-2F239FDB8EC7}.Release|Any CPU.ActiveCfg = Release|Any CPU
		{FC675BBF-A9C1-413C-867B-2F239FDB8EC7}.Release|Any CPU.Build.0 = Release|Any CPU
		{FC675BBF-A9C1-413C-867B-2F239FDB8EC7}.Release|x64.ActiveCfg = Release|Any CPU
		{FC675BBF-A9C1-413C-867B-2F239FDB8EC7}.Release|x64.Build.0 = Release|Any CPU
		{FC675BBF-A9C1-413C-867B-2F239FDB8EC7}.Release|x86.ActiveCfg = Release|Any CPU
		{FC675BBF-A9C1-413C-867B-2F239FDB8EC7}.Release|x86.Build.0 = Release|Any CPU
		{C145702E-1504-4565-B435-568674E315CD}.Debug|Any CPU.ActiveCfg = Debug|Any CPU
		{C145702E-1504-4565-B435-568674E315CD}.Debug|Any CPU.Build.0 = Debug|Any CPU
		{C145702E-1504-4565-B435-568674E315CD}.Debug|x64.ActiveCfg = Debug|Any CPU
		{C145702E-1504-4565-B435-568674E315CD}.Debug|x64.Build.0 = Debug|Any CPU
		{C145702E-1504-4565-B435-568674E315CD}.Debug|x86.ActiveCfg = Debug|Any CPU
		{C145702E-1504-4565-B435-568674E315CD}.Debug|x86.Build.0 = Debug|Any CPU
		{C145702E-1504-4565-B435-568674E315CD}.Release|Any CPU.ActiveCfg = Release|Any CPU
		{C145702E-1504-4565-B435-568674E315CD}.Release|Any CPU.Build.0 = Release|Any CPU
		{C145702E-1504-4565-B435-568674E315CD}.Release|x64.ActiveCfg = Release|Any CPU
		{C145702E-1504-4565-B435-568674E315CD}.Release|x64.Build.0 = Release|Any CPU
		{C145702E-1504-4565-B435-568674E315CD}.Release|x86.ActiveCfg = Release|Any CPU
		{C145702E-1504-4565-B435-568674E315CD}.Release|x86.Build.0 = Release|Any CPU
		{E72EB557-4063-4D60-97BD-72B82E39692F}.Debug|Any CPU.ActiveCfg = Debug|Any CPU
		{E72EB557-4063-4D60-97BD-72B82E39692F}.Debug|Any CPU.Build.0 = Debug|Any CPU
		{E72EB557-4063-4D60-97BD-72B82E39692F}.Debug|x64.ActiveCfg = Debug|Any CPU
		{E72EB557-4063-4D60-97BD-72B82E39692F}.Debug|x64.Build.0 = Debug|Any CPU
		{E72EB557-4063-4D60-97BD-72B82E39692F}.Debug|x86.ActiveCfg = Debug|Any CPU
		{E72EB557-4063-4D60-97BD-72B82E39692F}.Debug|x86.Build.0 = Debug|Any CPU
		{E72EB557-4063-4D60-97BD-72B82E39692F}.Release|Any CPU.ActiveCfg = Release|Any CPU
		{E72EB557-4063-4D60-97BD-72B82E39692F}.Release|Any CPU.Build.0 = Release|Any CPU
		{E72EB557-4063-4D60-97BD-72B82E39692F}.Release|x64.ActiveCfg = Release|Any CPU
		{E72EB557-4063-4D60-97BD-72B82E39692F}.Release|x64.Build.0 = Release|Any CPU
		{E72EB557-4063-4D60-97BD-72B82E39692F}.Release|x86.ActiveCfg = Release|Any CPU
		{E72EB557-4063-4D60-97BD-72B82E39692F}.Release|x86.Build.0 = Release|Any CPU
	EndGlobalSection
	GlobalSection(SolutionProperties) = preSolution
		HideSolutionNode = FALSE
	EndGlobalSection
	GlobalSection(NestedProjects) = preSolution
		{725014F9-FD41-4F9D-AF22-793BDA3587A8} = {FBF56CC3-7AE6-AD2D-3F14-7F97FD322CD6}
		{4F58D8D1-D07C-460A-A0BD-516F92E95980} = {FD4CDEAD-D464-86EA-B1FA-F6A76E919E3A}
		{FEDC2DD9-AFD2-4A91-AC4F-542A05F2C14C} = {FD4CDEAD-D464-86EA-B1FA-F6A76E919E3A}
		{79A04F8E-F8B1-4E36-B2A9-DF686C66FAE5} = {FD4CDEAD-D464-86EA-B1FA-F6A76E919E3A}
		{4EFA731F-CD0D-4BF9-9A77-FE308D57EF2D} = {FD4CDEAD-D464-86EA-B1FA-F6A76E919E3A}
		{FC675BBF-A9C1-413C-867B-2F239FDB8EC7} = {FA674B5A-3394-926C-2B1E-70E5B00E4A5C}
		{C145702E-1504-4565-B435-568674E315CD} = {FD4CDEAD-D464-86EA-B1FA-F6A76E919E3A}
		{E72EB557-4063-4D60-97BD-72B82E39692F} = {0AB3BF05-4346-4AA6-1389-037BE0695223}
	EndGlobalSection
EndGlobal
